{
    "version": 3,
    "terraform_version": "0.11.7",
    "serial": 2,
    "lineage": "3cc02d87-7cb5-6ccd-46fb-54061acc7f58",
    "modules": [
        {
            "path": [
                "root"
            ],
            "outputs": {
                "Bastion Host Information": {
                    "sensitive": false,
                    "type": "string",
                    "value": ""
                },
                "Management Host Information": {
                    "sensitive": false,
                    "type": "list",
                    "value": []
                },
                "Mng_PrivateIPs": {
                    "sensitive": false,
                    "type": "list",
                    "value": [
                        "192.168.2.2"
                    ]
                },
                "Mng_PublicIPs": {
                    "sensitive": false,
                    "type": "list",
                    "value": [
                        ""
                    ]
                }
            },
            "resources": {
                "data.oci_identity_availability_domains.ADs": {
                    "type": "oci_identity_availability_domains",
                    "depends_on": [],
                    "primary": {
                        "id": "2018-10-23 08:27:58.5671132 +0000 UTC",
                        "attributes": {
                            "availability_domains.#": "3",
                            "availability_domains.0.compartment_id": "ocid1.compartment.oc1..aaaaaaaaj2pr6wc2bk4ninhqgaqg2dfrtuquvjoro6ja3pp67lmn47btpdzq",
                            "availability_domains.0.name": "ARzP:US-ASHBURN-AD-1",
                            "availability_domains.1.compartment_id": "ocid1.compartment.oc1..aaaaaaaaj2pr6wc2bk4ninhqgaqg2dfrtuquvjoro6ja3pp67lmn47btpdzq",
                            "availability_domains.1.name": "ARzP:US-ASHBURN-AD-2",
                            "availability_domains.2.compartment_id": "ocid1.compartment.oc1..aaaaaaaaj2pr6wc2bk4ninhqgaqg2dfrtuquvjoro6ja3pp67lmn47btpdzq",
                            "availability_domains.2.name": "ARzP:US-ASHBURN-AD-3",
                            "compartment_id": "ocid1.compartment.oc1..aaaaaaaaj2pr6wc2bk4ninhqgaqg2dfrtuquvjoro6ja3pp67lmn47btpdzq",
                            "id": "2018-10-23 08:27:58.5671132 +0000 UTC"
                        },
                        "meta": {},
                        "tainted": false
                    },
                    "deposed": [],
                    "provider": "provider.oci"
                },
                "oci_core_instance.instance_mng": {
                    "type": "oci_core_instance",
                    "depends_on": [
                        "oci_core_subnet.subnet_1"
                    ],
                    "primary": {
                        "id": "ocid1.instance.oc1.iad.abuwcljrtaoxcl6czffmyi3xtmokpopfkpgdi2c7ns4c423q7khi6t4qegrq",
                        "attributes": {
                            "availability_domain": "ARzP:US-ASHBURN-AD-1",
                            "boot_volume_id": "ocid1.bootvolume.oc1.iad.abuwcljrtagwympyhvbr3jz2ysfj4ieifixxrtwqxuc5nuyoflayq5sr7j3q",
                            "compartment_id": "ocid1.compartment.oc1..aaaaaaaaj2pr6wc2bk4ninhqgaqg2dfrtuquvjoro6ja3pp67lmn47btpdzq",
                            "create_vnic_details.#": "1",
                            "create_vnic_details.0.assign_public_ip": "false",
                            "create_vnic_details.0.display_name": "Management1",
                            "create_vnic_details.0.hostname_label": "management1",
                            "create_vnic_details.0.private_ip": "192.168.2.2",
                            "create_vnic_details.0.skip_source_dest_check": "true",
                            "create_vnic_details.0.subnet_id": "ocid1.subnet.oc1.iad.aaaaaaaaax2kvm4ei2gjhd2b3ty3fiq4y5jwfx7ojynbdiqan7jnc4m6qrtq",
                            "display_name": "Management1",
                            "hostname_label": "management1",
                            "id": "ocid1.instance.oc1.iad.abuwcljrtaoxcl6czffmyi3xtmokpopfkpgdi2c7ns4c423q7khi6t4qegrq",
                            "image": "ocid1.image.oc1.iad.aaaaaaaa6ybn2lkqp2ejhijhehf5i65spqh3igt53iyvncyjmo7uhm5235ca",
                            "launch_mode": "NATIVE",
                            "launch_options.#": "1",
                            "launch_options.0.boot_volume_type": "ISCSI",
                            "launch_options.0.firmware": "UEFI_64",
                            "launch_options.0.network_type": "VFIO",
                            "launch_options.0.remote_data_volume_type": "PARAVIRTUALIZED",
                            "metadata.%": "1",
                            "metadata.ssh_authorized_keys": "ssh-rsa AAAAB3NzaC1yc2EAAAADAQABAAABAQC/8B8J6vsjZyn49wWZ5lS6ijlwatXVk5GlTi3TDr3M8o8vgVzESzR7tX/PdkdXus3+aq8ABwORIVdiELS0Ka2E8MNBDXba+Kyagu4jd6MVN3tdZRkbmWfEUC1v6F43nRxpmxV5XI7agTqVW3VUBbcQhRa5HFry5aYLo3EYrpuUXF8GY2OKYE3W0QpyBxm6OVRb6YTR0iEbWq0znaC7LfftOm6p1oYjiILDoX59Fdv8tskIkEhCXXZ2QYlFnh5P7F//YniifnFa81+IPkoWRqIMEN5vQ5VFQB1cZcT144ePBqDhQAch5ZyM8Jx5MrCLQoe5Mxb47+23DJL7nck6oVPP cjacobse@CJACOBSE-DK\n",
                            "private_ip": "192.168.2.2",
                            "public_ip": "",
                            "region": "iad",
                            "shape": "VM.Standard2.1",
                            "source_details.#": "1",
                            "source_details.0.boot_volume_size_in_gbs": "47",
                            "source_details.0.source_id": "ocid1.image.oc1.iad.aaaaaaaa6ybn2lkqp2ejhijhehf5i65spqh3igt53iyvncyjmo7uhm5235ca",
                            "source_details.0.source_type": "image",
                            "state": "RUNNING",
                            "subnet_id": "ocid1.subnet.oc1.iad.aaaaaaaaax2kvm4ei2gjhd2b3ty3fiq4y5jwfx7ojynbdiqan7jnc4m6qrtq",
                            "time_created": "2018-10-23 08:28:05.286 +0000 UTC"
                        },
                        "meta": {
                            "e2bfb730-ecaa-11e6-8f88-34363bc7c4c0": {
                                "create": 3600000000000,
                                "delete": 7200000000000,
                                "update": 7200000000000
                            }
                        },
                        "tainted": false
                    },
                    "deposed": [],
                    "provider": "provider.oci"
                },
                "oci_core_internet_gateway.ig": {
                    "type": "oci_core_internet_gateway",
                    "depends_on": [
                        "oci_core_vcn.vcn"
                    ],
                    "primary": {
                        "id": "ocid1.internetgateway.oc1.iad.aaaaaaaawwxxrz6r6ijnsxz7aw6uyapkandpwepqdtj76hogtxwk3khzb6fq",
                        "attributes": {
                            "compartment_id": "ocid1.compartment.oc1..aaaaaaaaj2pr6wc2bk4ninhqgaqg2dfrtuquvjoro6ja3pp67lmn47btpdzq",
                            "display_name": "IG",
                            "enabled": "true",
                            "id": "ocid1.internetgateway.oc1.iad.aaaaaaaawwxxrz6r6ijnsxz7aw6uyapkandpwepqdtj76hogtxwk3khzb6fq",
                            "state": "AVAILABLE",
                            "time_created": "2018-10-23 08:28:03.49 +0000 UTC",
                            "vcn_id": "ocid1.vcn.oc1.iad.aaaaaaaamtfklvmwmcvxgmlep6dkjatyonei3glomskk65ufhquzf5vqjgza"
                        },
                        "meta": {
                            "e2bfb730-ecaa-11e6-8f88-34363bc7c4c0": {
                                "create": 300000000000,
                                "delete": 300000000000,
                                "update": 300000000000
                            }
                        },
                        "tainted": false
                    },
                    "deposed": [],
                    "provider": "provider.oci"
                },
                "oci_core_route_table.rt": {
                    "type": "oci_core_route_table",
                    "depends_on": [
                        "oci_core_internet_gateway.ig",
                        "oci_core_vcn.vcn"
                    ],
                    "primary": {
                        "id": "ocid1.routetable.oc1.iad.aaaaaaaa5w2rlqvb2ee3ld5ylz6vrgnoia6i3dbxg2vmffuyg66dgzdss6fa",
                        "attributes": {
                            "compartment_id": "ocid1.compartment.oc1..aaaaaaaaj2pr6wc2bk4ninhqgaqg2dfrtuquvjoro6ja3pp67lmn47btpdzq",
                            "display_name": "Table",
                            "id": "ocid1.routetable.oc1.iad.aaaaaaaa5w2rlqvb2ee3ld5ylz6vrgnoia6i3dbxg2vmffuyg66dgzdss6fa",
                            "route_rules.#": "1",
                            "route_rules.0.cidr_block": "0.0.0.0/0",
                            "route_rules.0.network_entity_id": "ocid1.internetgateway.oc1.iad.aaaaaaaawwxxrz6r6ijnsxz7aw6uyapkandpwepqdtj76hogtxwk3khzb6fq",
                            "state": "AVAILABLE",
                            "time_created": "2018-10-23 08:28:04.007 +0000 UTC",
                            "vcn_id": "ocid1.vcn.oc1.iad.aaaaaaaamtfklvmwmcvxgmlep6dkjatyonei3glomskk65ufhquzf5vqjgza"
                        },
                        "meta": {
                            "e2bfb730-ecaa-11e6-8f88-34363bc7c4c0": {
                                "create": 300000000000,
                                "delete": 300000000000,
                                "update": 300000000000
                            }
                        },
                        "tainted": false
                    },
                    "deposed": [],
                    "provider": "provider.oci"
                },
                "oci_core_security_list.seclist_1": {
                    "type": "oci_core_security_list",
                    "depends_on": [
                        "oci_core_vcn.vcn"
                    ],
                    "primary": {
                        "id": "ocid1.securitylist.oc1.iad.aaaaaaaapughoz4hesxddfhguha6ue5wkz5be7hrsgi5xjutteui6w7enqja",
                        "attributes": {
                            "compartment_id": "ocid1.compartment.oc1..aaaaaaaaj2pr6wc2bk4ninhqgaqg2dfrtuquvjoro6ja3pp67lmn47btpdzq",
                            "display_name": "Seclist_1",
                            "egress_security_rules.#": "2",
                            "egress_security_rules.0.destination": "192.168.1.0/24",
                            "egress_security_rules.0.icmp_options.#": "0",
                            "egress_security_rules.0.protocol": "6",
                            "egress_security_rules.0.stateless": "false",
                            "egress_security_rules.0.tcp_options.#": "0",
                            "egress_security_rules.0.udp_options.#": "0",
                            "egress_security_rules.1.destination": "192.168.1.0/24",
                            "egress_security_rules.1.icmp_options.#": "0",
                            "egress_security_rules.1.protocol": "17",
                            "egress_security_rules.1.stateless": "true",
                            "egress_security_rules.1.tcp_options.#": "0",
                            "egress_security_rules.1.udp_options.#": "0",
                            "id": "ocid1.securitylist.oc1.iad.aaaaaaaapughoz4hesxddfhguha6ue5wkz5be7hrsgi5xjutteui6w7enqja",
                            "ingress_security_rules.#": "2",
                            "ingress_security_rules.0.icmp_options.#": "0",
                            "ingress_security_rules.0.protocol": "6",
                            "ingress_security_rules.0.source": "192.168.1.0/24",
                            "ingress_security_rules.0.stateless": "false",
                            "ingress_security_rules.0.tcp_options.#": "1",
                            "ingress_security_rules.0.tcp_options.0.max": "22",
                            "ingress_security_rules.0.tcp_options.0.min": "22",
                            "ingress_security_rules.0.tcp_options.0.source_port_range.#": "0",
                            "ingress_security_rules.0.udp_options.#": "0",
                            "ingress_security_rules.1.icmp_options.#": "0",
                            "ingress_security_rules.1.protocol": "1",
                            "ingress_security_rules.1.source": "192.168.1.0/24",
                            "ingress_security_rules.1.stateless": "true",
                            "ingress_security_rules.1.tcp_options.#": "0",
                            "ingress_security_rules.1.udp_options.#": "0",
                            "state": "AVAILABLE",
                            "time_created": "2018-10-23 08:28:03.71 +0000 UTC",
                            "vcn_id": "ocid1.vcn.oc1.iad.aaaaaaaamtfklvmwmcvxgmlep6dkjatyonei3glomskk65ufhquzf5vqjgza"
                        },
                        "meta": {
                            "e2bfb730-ecaa-11e6-8f88-34363bc7c4c0": {
                                "create": 300000000000,
                                "delete": 300000000000,
                                "update": 300000000000
                            }
                        },
                        "tainted": false
                    },
                    "deposed": [],
                    "provider": "provider.oci"
                },
                "oci_core_security_list.seclist_dmz": {
                    "type": "oci_core_security_list",
                    "depends_on": [
                        "oci_core_vcn.vcn"
                    ],
                    "primary": {
                        "id": "ocid1.securitylist.oc1.iad.aaaaaaaawocjqgl56aorhta2jsnka5zlatv7izeo5aq4tpb7jmpwivemxeya",
                        "attributes": {
                            "compartment_id": "ocid1.compartment.oc1..aaaaaaaaj2pr6wc2bk4ninhqgaqg2dfrtuquvjoro6ja3pp67lmn47btpdzq",
                            "display_name": "Seclist_DMZ",
                            "egress_security_rules.#": "2",
                            "egress_security_rules.0.destination": "0.0.0.0/0",
                            "egress_security_rules.0.icmp_options.#": "0",
                            "egress_security_rules.0.protocol": "6",
                            "egress_security_rules.0.stateless": "false",
                            "egress_security_rules.0.tcp_options.#": "0",
                            "egress_security_rules.0.udp_options.#": "0",
                            "egress_security_rules.1.destination": "0.0.0.0/0",
                            "egress_security_rules.1.icmp_options.#": "0",
                            "egress_security_rules.1.protocol": "17",
                            "egress_security_rules.1.stateless": "true",
                            "egress_security_rules.1.tcp_options.#": "0",
                            "egress_security_rules.1.udp_options.#": "0",
                            "id": "ocid1.securitylist.oc1.iad.aaaaaaaawocjqgl56aorhta2jsnka5zlatv7izeo5aq4tpb7jmpwivemxeya",
                            "ingress_security_rules.#": "2",
                            "ingress_security_rules.0.icmp_options.#": "0",
                            "ingress_security_rules.0.protocol": "6",
                            "ingress_security_rules.0.source": "0.0.0.0/0",
                            "ingress_security_rules.0.stateless": "false",
                            "ingress_security_rules.0.tcp_options.#": "1",
                            "ingress_security_rules.0.tcp_options.0.max": "22",
                            "ingress_security_rules.0.tcp_options.0.min": "22",
                            "ingress_security_rules.0.tcp_options.0.source_port_range.#": "0",
                            "ingress_security_rules.0.udp_options.#": "0",
                            "ingress_security_rules.1.icmp_options.#": "0",
                            "ingress_security_rules.1.protocol": "1",
                            "ingress_security_rules.1.source": "0.0.0.0/0",
                            "ingress_security_rules.1.stateless": "true",
                            "ingress_security_rules.1.tcp_options.#": "0",
                            "ingress_security_rules.1.udp_options.#": "0",
                            "state": "AVAILABLE",
                            "time_created": "2018-10-23 08:28:03.812 +0000 UTC",
                            "vcn_id": "ocid1.vcn.oc1.iad.aaaaaaaamtfklvmwmcvxgmlep6dkjatyonei3glomskk65ufhquzf5vqjgza"
                        },
                        "meta": {
                            "e2bfb730-ecaa-11e6-8f88-34363bc7c4c0": {
                                "create": 300000000000,
                                "delete": 300000000000,
                                "update": 300000000000
                            }
                        },
                        "tainted": false
                    },
                    "deposed": [],
                    "provider": "provider.oci"
                },
                "oci_core_subnet.subnet_1": {
                    "type": "oci_core_subnet",
                    "depends_on": [
                        "data.oci_identity_availability_domains.ADs",
                        "oci_core_route_table.rt",
                        "oci_core_security_list.seclist_1",
                        "oci_core_vcn.vcn"
                    ],
                    "primary": {
                        "id": "ocid1.subnet.oc1.iad.aaaaaaaaax2kvm4ei2gjhd2b3ty3fiq4y5jwfx7ojynbdiqan7jnc4m6qrtq",
                        "attributes": {
                            "availability_domain": "ARzP:US-ASHBURN-AD-1",
                            "cidr_block": "192.168.2.0/24",
                            "compartment_id": "ocid1.compartment.oc1..aaaaaaaaj2pr6wc2bk4ninhqgaqg2dfrtuquvjoro6ja3pp67lmn47btpdzq",
                            "dhcp_options_id": "ocid1.dhcpoptions.oc1.iad.aaaaaaaayncvgplmwqnhjg4roolwutluniosczbrm7wcpmsooplcqjs7hd5q",
                            "display_name": "Subnet_1",
                            "dns_label": "sub1mydnslabel",
                            "id": "ocid1.subnet.oc1.iad.aaaaaaaaax2kvm4ei2gjhd2b3ty3fiq4y5jwfx7ojynbdiqan7jnc4m6qrtq",
                            "prohibit_public_ip_on_vnic": "false",
                            "route_table_id": "ocid1.routetable.oc1.iad.aaaaaaaa5w2rlqvb2ee3ld5ylz6vrgnoia6i3dbxg2vmffuyg66dgzdss6fa",
                            "security_list_ids.#": "1",
                            "security_list_ids.4214714606": "ocid1.securitylist.oc1.iad.aaaaaaaapughoz4hesxddfhguha6ue5wkz5be7hrsgi5xjutteui6w7enqja",
                            "state": "AVAILABLE",
                            "subnet_domain_name": "sub1mydnslabel.mydnslabel.oraclevcn.com",
                            "time_created": "2018-10-23 08:28:04.44 +0000 UTC",
                            "vcn_id": "ocid1.vcn.oc1.iad.aaaaaaaamtfklvmwmcvxgmlep6dkjatyonei3glomskk65ufhquzf5vqjgza",
                            "virtual_router_ip": "192.168.2.1",
                            "virtual_router_mac": "00:00:17:09:4F:EB"
                        },
                        "meta": {
                            "e2bfb730-ecaa-11e6-8f88-34363bc7c4c0": {
                                "create": 300000000000,
                                "delete": 300000000000,
                                "update": 300000000000
                            }
                        },
                        "tainted": false
                    },
                    "deposed": [],
                    "provider": "provider.oci"
                },
                "oci_core_subnet.subnet_dmz": {
                    "type": "oci_core_subnet",
                    "depends_on": [
                        "data.oci_identity_availability_domains.ADs",
                        "oci_core_route_table.rt",
                        "oci_core_security_list.seclist_dmz",
                        "oci_core_vcn.vcn"
                    ],
                    "primary": {
                        "id": "ocid1.subnet.oc1.iad.aaaaaaaa5af4t2hmaur73fxx3pmkgn3ema5vedpg5sbty4vixzexfvsms5kq",
                        "attributes": {
                            "availability_domain": "ARzP:US-ASHBURN-AD-1",
                            "cidr_block": "192.168.1.0/24",
                            "compartment_id": "ocid1.compartment.oc1..aaaaaaaaj2pr6wc2bk4ninhqgaqg2dfrtuquvjoro6ja3pp67lmn47btpdzq",
                            "dhcp_options_id": "ocid1.dhcpoptions.oc1.iad.aaaaaaaayncvgplmwqnhjg4roolwutluniosczbrm7wcpmsooplcqjs7hd5q",
                            "display_name": "Subnet_DMZ",
                            "dns_label": "dmzmydnslabel",
                            "id": "ocid1.subnet.oc1.iad.aaaaaaaa5af4t2hmaur73fxx3pmkgn3ema5vedpg5sbty4vixzexfvsms5kq",
                            "prohibit_public_ip_on_vnic": "false",
                            "route_table_id": "ocid1.routetable.oc1.iad.aaaaaaaa5w2rlqvb2ee3ld5ylz6vrgnoia6i3dbxg2vmffuyg66dgzdss6fa",
                            "security_list_ids.#": "1",
                            "security_list_ids.2704601009": "ocid1.securitylist.oc1.iad.aaaaaaaawocjqgl56aorhta2jsnka5zlatv7izeo5aq4tpb7jmpwivemxeya",
                            "state": "AVAILABLE",
                            "subnet_domain_name": "dmzmydnslabel.mydnslabel.oraclevcn.com",
                            "time_created": "2018-10-23 08:28:04.796 +0000 UTC",
                            "vcn_id": "ocid1.vcn.oc1.iad.aaaaaaaamtfklvmwmcvxgmlep6dkjatyonei3glomskk65ufhquzf5vqjgza",
                            "virtual_router_ip": "192.168.1.1",
                            "virtual_router_mac": "00:00:17:09:4F:EB"
                        },
                        "meta": {
                            "e2bfb730-ecaa-11e6-8f88-34363bc7c4c0": {
                                "create": 300000000000,
                                "delete": 300000000000,
                                "update": 300000000000
                            }
                        },
                        "tainted": false
                    },
                    "deposed": [],
                    "provider": "provider.oci"
                },
                "oci_core_vcn.vcn": {
                    "type": "oci_core_vcn",
                    "depends_on": [],
                    "primary": {
                        "id": "ocid1.vcn.oc1.iad.aaaaaaaamtfklvmwmcvxgmlep6dkjatyonei3glomskk65ufhquzf5vqjgza",
                        "attributes": {
                            "cidr_block": "192.168.0.0/16",
                            "compartment_id": "ocid1.compartment.oc1..aaaaaaaaj2pr6wc2bk4ninhqgaqg2dfrtuquvjoro6ja3pp67lmn47btpdzq",
                            "default_dhcp_options_id": "ocid1.dhcpoptions.oc1.iad.aaaaaaaayncvgplmwqnhjg4roolwutluniosczbrm7wcpmsooplcqjs7hd5q",
                            "default_route_table_id": "ocid1.routetable.oc1.iad.aaaaaaaait72qtryne35nddtsfzq4sfc7cvypgpmoswgfdgn2vsvowwf67pa",
                            "default_security_list_id": "ocid1.securitylist.oc1.iad.aaaaaaaapvl7pdtto4h32e7b4h26lacdmie4yockxvkk6zrqvtnspwuzkrba",
                            "display_name": "VNC",
                            "dns_label": "mydnslabel",
                            "id": "ocid1.vcn.oc1.iad.aaaaaaaamtfklvmwmcvxgmlep6dkjatyonei3glomskk65ufhquzf5vqjgza",
                            "state": "AVAILABLE",
                            "time_created": "2018-10-23 08:28:02.998 +0000 UTC",
                            "vcn_domain_name": "mydnslabel.oraclevcn.com"
                        },
                        "meta": {
                            "e2bfb730-ecaa-11e6-8f88-34363bc7c4c0": {
                                "create": 300000000000,
                                "delete": 300000000000,
                                "update": 300000000000
                            }
                        },
                        "tainted": false
                    },
                    "deposed": [],
                    "provider": "provider.oci"
                }
            },
            "depends_on": []
        }
    ]
}
